// !$*UTF8*$!
{
	archiveVersion = 1;
	classes = {
	};
	objectVersion = 50;
	objects = {

/* Begin PBXBuildFile section */
		197286CE25AB84E600FA307C /* AppDelegate.swift in Sources */ = {isa = PBXBuildFile; fileRef = 197286CD25AB84E600FA307C /* AppDelegate.swift */; };
		197286D025AB84E600FA307C /* SceneDelegate.swift in Sources */ = {isa = PBXBuildFile; fileRef = 197286CF25AB84E600FA307C /* SceneDelegate.swift */; };
		197286D225AB84E600FA307C /* ViewController.swift in Sources */ = {isa = PBXBuildFile; fileRef = 197286D125AB84E600FA307C /* ViewController.swift */; };
		197286D525AB84E600FA307C /* Main.storyboard in Resources */ = {isa = PBXBuildFile; fileRef = 197286D325AB84E600FA307C /* Main.storyboard */; };
		197286D725AB84E700FA307C /* Assets.xcassets in Resources */ = {isa = PBXBuildFile; fileRef = 197286D625AB84E700FA307C /* Assets.xcassets */; };
		197286DA25AB84E700FA307C /* LaunchScreen.storyboard in Resources */ = {isa = PBXBuildFile; fileRef = 197286D825AB84E700FA307C /* LaunchScreen.storyboard */; };
		197286E525AB84E800FA307C /* deneme1Tests.swift in Sources */ = {isa = PBXBuildFile; fileRef = 197286E425AB84E800FA307C /* deneme1Tests.swift */; };
		197286F025AB84E800FA307C /* deneme1UITests.swift in Sources */ = {isa = PBXBuildFile; fileRef = 197286EF25AB84E800FA307C /* deneme1UITests.swift */; };
		19A5CB6F25AF9CCD00FDF36E /* ViewController2.swift in Sources */ = {isa = PBXBuildFile; fileRef = 19A5CB6E25AF9CCD00FDF36E /* ViewController2.swift */; };
/* End PBXBuildFile section */

/* Begin PBXContainerItemProxy section */
		197286E125AB84E800FA307C /* PBXContainerItemProxy */ = {
			isa = PBXContainerItemProxy;
			containerPortal = 197286C225AB84E600FA307C /* Project object */;
			proxyType = 1;
			remoteGlobalIDString = 197286C925AB84E600FA307C;
			remoteInfo = deneme1;
		};
		197286EC25AB84E800FA307C /* PBXContainerItemProxy */ = {
			isa = PBXContainerItemProxy;
			containerPortal = 197286C225AB84E600FA307C /* Project object */;
			proxyType = 1;
			remoteGlobalIDString = 197286C925AB84E600FA307C;
			remoteInfo = deneme1;
		};
/* End PBXContainerItemProxy section */

/* Begin PBXFileReference section */
		197286CA25AB84E600FA307C /* deneme1.app */ = {isa = PBXFileReference; explicitFileType = wrapper.application; includeInIndex = 0; path = deneme1.app; sourceTree = BUILT_PRODUCTS_DIR; };
		197286CD25AB84E600FA307C /* AppDelegate.swift */ = {isa = PBXFileReference; lastKnownFileType = sourcecode.swift; path = AppDelegate.swift; sourceTree = "<group>"; };
		197286CF25AB84E600FA307C /* SceneDelegate.swift */ = {isa = PBXFileReference; lastKnownFileType = sourcecode.swift; path = SceneDelegate.swift; sourceTree = "<group>"; };
		197286D125AB84E600FA307C /* ViewController.swift */ = {isa = PBXFileReference; lastKnownFileType = sourcecode.swift; path = ViewController.swift; sourceTree = "<group>"; };
		197286D425AB84E600FA307C /* Base */ = {isa = PBXFileReference; lastKnownFileType = file.storyboard; name = Base; path = Base.lproj/Main.storyboard; sourceTree = "<group>"; };
		197286D625AB84E700FA307C /* Assets.xcassets */ = {isa = PBXFileReference; lastKnownFileType = folder.assetcatalog; path = Assets.xcassets; sourceTree = "<group>"; };
		197286D925AB84E700FA307C /* Base */ = {isa = PBXFileReference; lastKnownFileType = file.storyboard; name = Base; path = Base.lproj/LaunchScreen.storyboard; sourceTree = "<group>"; };
		197286DB25AB84E700FA307C /* Info.plist */ = {isa = PBXFileReference; lastKnownFileType = text.plist.xml; path = Info.plist; sourceTree = "<group>"; };
		197286E025AB84E800FA307C /* deneme1Tests.xctest */ = {isa = PBXFileReference; explicitFileType = wrapper.cfbundle; includeInIndex = 0; path = deneme1Tests.xctest; sourceTree = BUILT_PRODUCTS_DIR; };
		197286E425AB84E800FA307C /* deneme1Tests.swift */ = {isa = PBXFileReference; lastKnownFileType = sourcecode.swift; path = deneme1Tests.swift; sourceTree = "<group>"; };
		197286E625AB84E800FA307C /* Info.plist */ = {isa = PBXFileReference; lastKnownFileType = text.plist.xml; path = Info.plist; sourceTree = "<group>"; };
		197286EB25AB84E800FA307C /* deneme1UITests.xctest */ = {isa = PBXFileReference; explicitFileType = wrapper.cfbundle; includeInIndex = 0; path = deneme1UITests.xctest; sourceTree = BUILT_PRODUCTS_DIR; };
		197286EF25AB84E800FA307C /* deneme1UITests.swift */ = {isa = PBXFileReference; lastKnownFileType = sourcecode.swift; path = deneme1UITests.swift; sourceTree = "<group>"; };
		197286F125AB84E800FA307C /* Info.plist */ = {isa = PBXFileReference; lastKnownFileType = text.plist.xml; path = Info.plist; sourceTree = "<group>"; };
		19A5CB6E25AF9CCD00FDF36E /* ViewController2.swift */ = {isa = PBXFileReference; lastKnownFileType = sourcecode.swift; path = ViewController2.swift; sourceTree = "<group>"; };
/* End PBXFileReference section */

/* Begin PBXFrameworksBuildPhase section */
		197286C725AB84E600FA307C /* Frameworks */ = {
			isa = PBXFrameworksBuildPhase;
			buildActionMask = 2147483647;
			files = (
			);
			runOnlyForDeploymentPostprocessing = 0;
		};
		197286DD25AB84E800FA307C /* Frameworks */ = {
			isa = PBXFrameworksBuildPhase;
			buildActionMask = 2147483647;
			files = (
			);
			runOnlyForDeploymentPostprocessing = 0;
		};
		197286E825AB84E800FA307C /* Frameworks */ = {
			isa = PBXFrameworksBuildPhase;
			buildActionMask = 2147483647;
			files = (
			);
			runOnlyForDeploymentPostprocessing = 0;
		};
/* End PBXFrameworksBuildPhase section */

/* Begin PBXGroup section */
		197286C125AB84E600FA307C = {
			isa = PBXGroup;
			children = (
				197286CC25AB84E600FA307C /* deneme1 */,
				197286E325AB84E800FA307C /* deneme1Tests */,
				197286EE25AB84E800FA307C /* deneme1UITests */,
				197286CB25AB84E600FA307C /* Products */,
			);
			sourceTree = "<group>";
		};
		197286CB25AB84E600FA307C /* Products */ = {
			isa = PBXGroup;
			children = (
				197286CA25AB84E600FA307C /* deneme1.app */,
				197286E025AB84E800FA307C /* deneme1Tests.xctest */,
				197286EB25AB84E800FA307C /* deneme1UITests.xctest */,
			);
			name = Products;
			sourceTree = "<group>";
		};
		197286CC25AB84E600FA307C /* deneme1 */ = {
			isa = PBXGroup;
			children = (
				197286CD25AB84E600FA307C /* AppDelegate.swift */,
				197286CF25AB84E600FA307C /* SceneDelegate.swift */,
				197286D125AB84E600FA307C /* ViewController.swift */,
				197286D325AB84E600FA307C /* Main.storyboard */,
				19A5CB6E25AF9CCD00FDF36E /* ViewController2.swift */,
				197286D625AB84E700FA307C /* Assets.xcassets */,
				197286D825AB84E700FA307C /* LaunchScreen.storyboard */,
				197286DB25AB84E700FA307C /* Info.plist */,
			);
			path = deneme1;
			sourceTree = "<group>";
		};
		197286E325AB84E800FA307C /* deneme1Tests */ = {
			isa = PBXGroup;
			children = (
				197286E425AB84E800FA307C /* deneme1Tests.swift */,
				197286E625AB84E800FA307C /* Info.plist */,
			);
			path = deneme1Tests;
			sourceTree = "<group>";
		};
		197286EE25AB84E800FA307C /* deneme1UITests */ = {
			isa = PBXGroup;
			children = (
				197286EF25AB84E800FA307C /* deneme1UITests.swift */,
				197286F125AB84E800FA307C /* Info.plist */,
			);
			path = deneme1UITests;
			sourceTree = "<group>";
		};
/* End PBXGroup section */

/* Begin PBXNativeTarget section */
		197286C925AB84E600FA307C /* deneme1 */ = {
			isa = PBXNativeTarget;
			buildConfigurationList = 197286F425AB84E800FA307C /* Build configuration list for PBXNativeTarget "deneme1" */;
			buildPhases = (
				197286C625AB84E600FA307C /* Sources */,
				197286C725AB84E600FA307C /* Frameworks */,
				197286C825AB84E600FA307C /* Resources */,
			);
			buildRules = (
			);
			dependencies = (
			);
			name = deneme1;
			productName = deneme1;
			productReference = 197286CA25AB84E600FA307C /* deneme1.app */;
			productType = "com.apple.product-type.application";
		};
		197286DF25AB84E800FA307C /* deneme1Tests */ = {
			isa = PBXNativeTarget;
			buildConfigurationList = 197286F725AB84E800FA307C /* Build configuration list for PBXNativeTarget "deneme1Tests" */;
			buildPhases = (
				197286DC25AB84E800FA307C /* Sources */,
				197286DD25AB84E800FA307C /* Frameworks */,
				197286DE25AB84E800FA307C /* Resources */,
			);
			buildRules = (
			);
			dependencies = (
				197286E225AB84E800FA307C /* PBXTargetDependency */,
			);
			name = deneme1Tests;
			productName = deneme1Tests;
			productReference = 197286E025AB84E800FA307C /* deneme1Tests.xctest */;
			productType = "com.apple.product-type.bundle.unit-test";
		};
		197286EA25AB84E800FA307C /* deneme1UITests */ = {
			isa = PBXNativeTarget;
			buildConfigurationList = 197286FA25AB84E800FA307C /* Build configuration list for PBXNativeTarget "deneme1UITests" */;
			buildPhases = (
				197286E725AB84E800FA307C /* Sources */,
				197286E825AB84E800FA307C /* Frameworks */,
				197286E925AB84E800FA307C /* Resources */,
			);
			buildRules = (
			);
			dependencies = (
				197286ED25AB84E800FA307C /* PBXTargetDependency */,
			);
			name = deneme1UITests;
			productName = deneme1UITests;
			productReference = 197286EB25AB84E800FA307C /* deneme1UITests.xctest */;
			productType = "com.apple.product-type.bundle.ui-testing";
		};
/* End PBXNativeTarget section */

/* Begin PBXProject section */
		197286C225AB84E600FA307C /* Project object */ = {
			isa = PBXProject;
			attributes = {
				LastSwiftUpdateCheck = 1130;
				LastUpgradeCheck = 1130;
				ORGANIZATIONNAME = "erdem öden";
				TargetAttributes = {
					197286C925AB84E600FA307C = {
						CreatedOnToolsVersion = 11.3.1;
					};
					197286DF25AB84E800FA307C = {
						CreatedOnToolsVersion = 11.3.1;
						TestTargetID = 197286C925AB84E600FA307C;
					};
					197286EA25AB84E800FA307C = {
						CreatedOnToolsVersion = 11.3.1;
						TestTargetID = 197286C925AB84E600FA307C;
					};
				};
			};
			buildConfigurationList = 197286C525AB84E600FA307C /* Build configuration list for PBXProject "deneme1" */;
			compatibilityVersion = "Xcode 9.3";
			developmentRegion = en;
			hasScannedForEncodings = 0;
			knownRegions = (
				en,
				Base,
			);
			mainGroup = 197286C125AB84E600FA307C;
			productRefGroup = 197286CB25AB84E600FA307C /* Products */;
			projectDirPath = "";
			projectRoot = "";
			targets = (
				197286C925AB84E600FA307C /* deneme1 */,
				197286DF25AB84E800FA307C /* deneme1Tests */,
				197286EA25AB84E800FA307C /* deneme1UITests */,
			);
		};
/* End PBXProject section */

/* Begin PBXResourcesBuildPhase section */
		197286C825AB84E600FA307C /* Resources */ = {
			isa = PBXResourcesBuildPhase;
			buildActionMask = 2147483647;
			files = (
				197286DA25AB84E700FA307C /* LaunchScreen.storyboard in Resources */,
				197286D725AB84E700FA307C /* Assets.xcassets in Resources */,
				197286D525AB84E600FA307C /* Main.storyboard in Resources */,
			);
			runOnlyForDeploymentPostprocessing = 0;
		};
		197286DE25AB84E800FA307C /* Resources */ = {
			isa = PBXResourcesBuildPhase;
			buildActionMask = 2147483647;
			files = (
			);
			runOnlyForDeploymentPostprocessing = 0;
		};
		197286E925AB84E800FA307C /* Resources */ = {
			isa = PBXResourcesBuildPhase;
			buildActionMask = 2147483647;
			files = (
			);
			runOnlyForDeploymentPostprocessing = 0;
		};
/* End PBXResourcesBuildPhase section */

/* Begin PBXSourcesBuildPhase section */
		197286C625AB84E600FA307C /* Sources */ = {
			isa = PBXSourcesBuildPhase;
			buildActionMask = 2147483647;
			files = (
				197286D225AB84E600FA307C /* ViewController.swift in Sources */,
				19A5CB6F25AF9CCD00FDF36E /* ViewController2.swift in Sources */,
				197286CE25AB84E600FA307C /* AppDelegate.swift in Sources */,
				197286D025AB84E600FA307C /* SceneDelegate.swift in Sources */,
			);
			runOnlyForDeploymentPostprocessing = 0;
		};
		197286DC25AB84E800FA307C /* Sources */ = {
			isa = PBXSourcesBuildPhase;
			buildActionMask = 2147483647;
			files = (
				197286E525AB84E800FA307C /* deneme1Tests.swift in Sources */,
			);
			runOnlyForDeploymentPostprocessing = 0;
		};
		197286E725AB84E800FA307C /* Sources */ = {
			isa = PBXSourcesBuildPhase;
			buildActionMask = 2147483647;
			files = (
				197286F025AB84E800FA307C /* deneme1UITests.swift in Sources */,
			);
			runOnlyForDeploymentPostprocessing = 0;
		};
/* End PBXSourcesBuildPhase section */

/* Begin PBXTargetDependency section */
		197286E225AB84E800FA307C /* PBXTargetDependency */ = {
			isa = PBXTargetDependency;
			target = 197286C925AB84E600FA307C /* deneme1 */;
			targetProxy = 197286E125AB84E800FA307C /* PBXContainerItemProxy */;
		};
		197286ED25AB84E800FA307C /* PBXTargetDependency */ = {
			isa = PBXTargetDependency;
			target = 197286C925AB84E600FA307C /* deneme1 */;
			targetProxy = 197286EC25AB84E800FA307C /* PBXContainerItemProxy */;
		};
/* End PBXTargetDependency section */

/* Begin PBXVariantGroup section */
		197286D325AB84E600FA307C /* Main.storyboard */ = {
			isa = PBXVariantGroup;
			children = (
				197286D425AB84E600FA307C /* Base */,
			);
			name = Main.storyboard;
			sourceTree = "<group>";
		};
		197286D825AB84E700FA307C /* LaunchScreen.storyboard */ = {
			isa = PBXVariantGroup;
			children = (
				197286D925AB84E700FA307C /* Base */,
			);
			name = LaunchScreen.storyboard;
			sourceTree = "<group>";
		};
/* End PBXVariantGroup section */

/* Begin XCBuildConfiguration section */
		197286F225AB84E800FA307C /* Debug */ = {
			isa = XCBuildConfiguration;
			buildSettings = {
				ALWAYS_SEARCH_USER_PATHS = NO;
				CLANG_ANALYZER_NONNULL = YES;
				CLANG_ANALYZER_NUMBER_OBJECT_CONVERSION = YES_AGGRESSIVE;
				CLANG_CXX_LANGUAGE_STANDARD = "gnu++14";
				CLANG_CXX_LIBRARY = "libc++";
				CLANG_ENABLE_MODULES = YES;
				CLANG_ENABLE_OBJC_ARC = YES;
				CLANG_ENABLE_OBJC_WEAK = YES;
				CLANG_WARN_BLOCK_CAPTURE_AUTORELEASING = YES;
				CLANG_WARN_BOOL_CONVERSION = YES;
				CLANG_WARN_COMMA = YES;
				CLANG_WARN_CONSTANT_CONVERSION = YES;
				CLANG_WARN_DEPRECATED_OBJC_IMPLEMENTATIONS = YES;
				CLANG_WARN_DIRECT_OBJC_ISA_USAGE = YES_ERROR;
				CLANG_WARN_DOCUMENTATION_COMMENTS = YES;
				CLANG_WARN_EMPTY_BODY = YES;
				CLANG_WARN_ENUM_CONVERSION = YES;
				CLANG_WARN_INFINITE_RECURSION = YES;
				CLANG_WARN_INT_CONVERSION = YES;
				CLANG_WARN_NON_LITERAL_NULL_CONVERSION = YES;
				CLANG_WARN_OBJC_IMPLICIT_RETAIN_SELF = YES;
				CLANG_WARN_OBJC_LITERAL_CONVERSION = YES;
				CLANG_WARN_OBJC_ROOT_CLASS = YES_ERROR;
				CLANG_WARN_RANGE_LOOP_ANALYSIS = YES;
				CLANG_WARN_STRICT_PROTOTYPES = YES;
				CLANG_WARN_SUSPICIOUS_MOVE = YES;
				CLANG_WARN_UNGUARDED_AVAILABILITY = YES_AGGRESSIVE;
				CLANG_WARN_UNREACHABLE_CODE = YES;
				CLANG_WARN__DUPLICATE_METHOD_MATCH = YES;
				COPY_PHASE_STRIP = NO;
				DEBUG_INFORMATION_FORMAT = dwarf;
				ENABLE_STRICT_OBJC_MSGSEND = YES;
				ENABLE_TESTABILITY = YES;
				GCC_C_LANGUAGE_STANDARD = gnu11;
				GCC_DYNAMIC_NO_PIC = NO;
				GCC_NO_COMMON_BLOCKS = YES;
				GCC_OPTIMIZATION_LEVEL = 0;
				GCC_PREPROCESSOR_DEFINITIONS = (
					"DEBUG=1",
					"$(inherited)",
				);
				GCC_WARN_64_TO_32_BIT_CONVERSION = YES;
				GCC_WARN_ABOUT_RETURN_TYPE = YES_ERROR;
				GCC_WARN_UNDECLARED_SELECTOR = YES;
				GCC_WARN_UNINITIALIZED_AUTOS = YES_AGGRESSIVE;
				GCC_WARN_UNUSED_FUNCTION = YES;
				GCC_WARN_UNUSED_VARIABLE = YES;
				IPHONEOS_DEPLOYMENT_TARGET = 13.2;
				MTL_ENABLE_DEBUG_INFO = INCLUDE_SOURCE;
				MTL_FAST_MATH = YES;
				ONLY_ACTIVE_ARCH = YES;
				SDKROOT = iphoneos;
				SWIFT_ACTIVE_COMPILATION_CONDITIONS = DEBUG;
				SWIFT_OPTIMIZATION_LEVEL = "-Onone";
			};
			name = Debug;
		};
		197286F325AB84E800FA307C /* Release */ = {
			isa = XCBuildConfiguration;
			buildSettings = {
				ALWAYS_SEARCH_USER_PATHS = NO;
				CLANG_ANALYZER_NONNULL = YES;
				CLANG_ANALYZER_NUMBER_OBJECT_CONVERSION = YES_AGGRESSIVE;
				CLANG_CXX_LANGUAGE_STANDARD = "gnu++14";
				CLANG_CXX_LIBRARY = "libc++";
				CLANG_ENABLE_MODULES = YES;
				CLANG_ENABLE_OBJC_ARC = YES;
				CLANG_ENABLE_OBJC_WEAK = YES;
				CLANG_WARN_BLOCK_CAPTURE_AUTORELEASING = YES;
				CLANG_WARN_BOOL_CONVERSION = YES;
				CLANG_WARN_COMMA = YES;
				CLANG_WARN_CONSTANT_CONVERSION = YES;
				CLANG_WARN_DEPRECATED_OBJC_IMPLEMENTATIONS = YES;
				CLANG_WARN_DIRECT_OBJC_ISA_USAGE = YES_ERROR;
				CLANG_WARN_DOCUMENTATION_COMMENTS = YES;
				CLANG_WARN_EMPTY_BODY = YES;
				CLANG_WARN_ENUM_CONVERSION = YES;
				CLANG_WARN_INFINITE_RECURSION = YES;
				CLANG_WARN_INT_CONVERSION = YES;
				CLANG_WARN_NON_LITERAL_NULL_CONVERSION = YES;
				CLANG_WARN_OBJC_IMPLICIT_RETAIN_SELF = YES;
				CLANG_WARN_OBJC_LITERAL_CONVERSION = YES;
				CLANG_WARN_OBJC_ROOT_CLASS = YES_ERROR;
				CLANG_WARN_RANGE_LOOP_ANALYSIS = YES;
				CLANG_WARN_STRICT_PROTOTYPES = YES;
				CLANG_WARN_SUSPICIOUS_MOVE = YES;
				CLANG_WARN_UNGUARDED_AVAILABILITY = YES_AGGRESSIVE;
				CLANG_WARN_UNREACHABLE_CODE = YES;
				CLANG_WARN__DUPLICATE_METHOD_MATCH = YES;
				COPY_PHASE_STRIP = NO;
				DEBUG_INFORMATION_FORMAT = "dwarf-with-dsym";
				ENABLE_NS_ASSERTIONS = NO;
				ENABLE_STRICT_OBJC_MSGSEND = YES;
				GCC_C_LANGUAGE_STANDARD = gnu11;
				GCC_NO_COMMON_BLOCKS = YES;
				GCC_WARN_64_TO_32_BIT_CONVERSION = YES;
				GCC_WARN_ABOUT_RETURN_TYPE = YES_ERROR;
				GCC_WARN_UNDECLARED_SELECTOR = YES;
				GCC_WARN_UNINITIALIZED_AUTOS = YES_AGGRESSIVE;
				GCC_WARN_UNUSED_FUNCTION = YES;
				GCC_WARN_UNUSED_VARIABLE = YES;
				IPHONEOS_DEPLOYMENT_TARGET = 13.2;
				MTL_ENABLE_DEBUG_INFO = NO;
				MTL_FAST_MATH = YES;
				SDKROOT = iphoneos;
				SWIFT_COMPILATION_MODE = wholemodule;
				SWIFT_OPTIMIZATION_LEVEL = "-O";
				VALIDATE_PRODUCT = YES;
			};
			name = Release;
		};
		197286F525AB84E800FA307C /* Debug */ = {
			isa = XCBuildConfiguration;
			buildSettings = {
				ASSETCATALOG_COMPILER_APPICON_NAME = AppIcon;
				CODE_SIGN_STYLE = Automatic;
				DEVELOPMENT_TEAM = BL2HWGNS92;
				INFOPLIST_FILE = deneme1/Info.plist;
				LD_RUNPATH_SEARCH_PATHS = (
					"$(inherited)",
					"@executable_path/Frameworks",
				);
				PRODUCT_BUNDLE_IDENTIFIER = erdem.deneme1;
				PRODUCT_NAME = "$(TARGET_NAME)";
				SWIFT_VERSION = 5.0;
				TARGETED_DEVICE_FAMILY = "1,2";
			};
			name = Debug;
		};
		197286F625AB84E800FA307C /* Release */ = {
			isa = XCBuildConfiguration;
			buildSettings = {
				ASSETCATALOG_COMPILER_APPICON_NAME = AppIcon;
				CODE_SIGN_STYLE = Automatic;
				DEVELOPMENT_TEAM = BL2HWGNS92;
				INFOPLIST_FILE = deneme1/Info.plist;
				LD_RUNPATH_SEARCH_PATHS = (
					"$(inherited)",
					"@executable_path/Frameworks",
				);
				PRODUCT_BUNDLE_IDENTIFIER = erdem.deneme1;
				PRODUCT_NAME = "$(TARGET_NAME)";
				SWIFT_VERSION = 5.0;
				TARGETED_DEVICE_FAMILY = "1,2";
			};
			name = Release;
		};
		197286F825AB84E800FA307C /* Debug */ = {
			isa = XCBuildConfiguration;
			buildSettings = {
				ALWAYS_EMBED_SWIFT_STANDARD_LIBRARIES = YES;
				BUNDLE_LOADER = "$(TEST_HOST)";
				CODE_SIGN_STYLE = Automatic;
				DEVELOPMENT_TEAM = 5XH8ZCD8UH;
				INFOPLIST_FILE = deneme1Tests/Info.plist;
				IPHONEOS_DEPLOYMENT_TARGET = 13.2;
				LD_RUNPATH_SEARCH_PATHS = (
					"$(inherited)",
					"@executable_path/Frameworks",
					"@loader_path/Frameworks",
				);
				PRODUCT_BUNDLE_IDENTIFIER = erdem.deneme1Tests;
				PRODUCT_NAME = "$(TARGET_NAME)";
				SWIFT_VERSION = 5.0;
				TARGETED_DEVICE_FAMILY = "1,2";
				TEST_HOST = "$(BUILT_PRODUCTS_DIR)/deneme1.app/deneme1";
			};
			name = Debug;
		};
		197286F925AB84E800FA307C /* Release */ = {
			isa = XCBuildConfiguration;
			buildSettings = {
				ALWAYS_EMBED_SWIFT_STANDARD_LIBRARIES = YES;
				BUNDLE_LOADER = "$(TEST_HOST)";
				CODE_SIGN_STYLE = Automatic;
				DEVELOPMENT_TEAM = 5XH8ZCD8UH;
				INFOPLIST_FILE = deneme1Tests/Info.plist;
				IPHONEOS_DEPLOYMENT_TARGET = 13.2;
				LD_RUNPATH_SEARCH_PATHS = (
					"$(inherited)",
					"@executable_path/Frameworks",
					"@loader_path/Frameworks",
				);
				PRODUCT_BUNDLE_IDENTIFIER = erdem.deneme1Tests;
				PRODUCT_NAME = "$(TARGET_NAME)";
				SWIFT_VERSION = 5.0;
				TARGETED_DEVICE_FAMILY = "1,2";
				TEST_HOST = "$(BUILT_PRODUCTS_DIR)/deneme1.app/deneme1";
			};
			name = Release;
		};
		197286FB25AB84E800FA307C /* Debug */ = {
			isa = XCBuildConfiguration;
			buildSettings = {
				ALWAYS_EMBED_SWIFT_STANDARD_LIBRARIES = YES;
				CODE_SIGN_STYLE = Automatic;
				DEVELOPMENT_TEAM = 5XH8ZCD8UH;
				INFOPLIST_FILE = deneme1UITests/Info.plist;
				LD_RUNPATH_SEARCH_PATHS = (
					"$(inherited)",
					"@executable_path/Frameworks",
					"@loader_path/Frameworks",
				);
				PRODUCT_BUNDLE_IDENTIFIER = erdem.deneme1UITests;
				PRODUCT_NAME = "$(TARGET_NAME)";
				SWIFT_VERSION = 5.0;
				TARGETED_DEVICE_FAMILY = "1,2";
				TEST_TARGET_NAME = deneme1;
			};
			name = Debug;
		};
		197286FC25AB84E800FA307C /* Release */ = {
			isa = XCBuildConfiguration;
			buildSettings = {
				ALWAYS_EMBED_SWIFT_STANDARD_LIBRARIES = YES;
				CODE_SIGN_STYLE = Automatic;
				DEVELOPMENT_TEAM = 5XH8ZCD8UH;
				INFOPLIST_FILE = deneme1UITests/Info.plist;
				LD_RUNPATH_SEARCH_PATHS = (
					"$(inherited)",
					"@executable_path/Frameworks",
					"@loader_path/Frameworks",
				);
				PRODUCT_BUNDLE_IDENTIFIER = erdem.deneme1UITests;
				PRODUCT_NAME = "$(TARGET_NAME)";
				SWIFT_VERSION = 5.0;
				TARGETED_DEVICE_FAMILY = "1,2";
				TEST_TARGET_NAME = deneme1;
			};
			name = Release;
		};
/* End XCBuildConfiguration section */

/* Begin XCConfigurationList section */
		197286C525AB84E600FA307C /* Build configuration list for PBXProject "deneme1" */ = {
			isa = XCConfigurationList;
			buildConfigurations = (
				197286F225AB84E800FA307C /* Debug */,
				197286F325AB84E800FA307C /* Release */,
			);
			defaultConfigurationIsVisible = 0;
			defaultConfigurationName = Release;
		};
		197286F425AB84E800FA307C /* Build configuration list for PBXNativeTarget "deneme1" */ = {
			isa = XCConfigurationList;
			buildConfigurations = (
				197286F525AB84E800FA307C /* Debug */,
				197286F625AB84E800FA307C /* Release */,
			);
			defaultConfigurationIsVisible = 0;
			defaultConfigurationName = Release;
		};
		197286F725AB84E800FA307C /* Build configuration list for PBXNativeTarget "deneme1Tests" */ = {
			isa = XCConfigurationList;
			buildConfigurations = (
				197286F825AB84E800FA307C /* Debug */,
				197286F925AB84E800FA307C /* Release */,
			);
			defaultConfigurationIsVisible = 0;
			defaultConfigurationName = Release;
		};
		197286FA25AB84E800FA307C /* Build configuration list for PBXNativeTarget "deneme1UITests" */ = {
			isa = XCConfigurationList;
			buildConfigurations = (
				197286FB25AB84E800FA307C /* Debug */,
				197286FC25AB84E800FA307C /* Release */,
			);
			defaultConfigurationIsVisible = 0;
			defaultConfigurationName = Release;
		};
/* End XCConfigurationList section */
	};
	rootObject = 197286C225AB84E600FA307C /* Project object */;
}
